// !$*UTF8*$!
{
	archiveVersion = 1;
	classes = {
	};
	objectVersion = 46;
	objects = {

/* Begin PBXBuildFile section */
		8D5B478D1D38B18B00CDB392 /* AppDelegate.swift in Sources */ = {isa = PBXBuildFile; fileRef = 8D5B478C1D38B18B00CDB392 /* AppDelegate.swift */; };
		8D5B478F1D38B18B00CDB392 /* ViewController.swift in Sources */ = {isa = PBXBuildFile; fileRef = 8D5B478E1D38B18B00CDB392 /* ViewController.swift */; };
		8D5B47921D38B18B00CDB392 /* Main.storyboard in Resources */ = {isa = PBXBuildFile; fileRef = 8D5B47901D38B18B00CDB392 /* Main.storyboard */; };
		8D5B47941D38B18B00CDB392 /* Assets.xcassets in Resources */ = {isa = PBXBuildFile; fileRef = 8D5B47931D38B18B00CDB392 /* Assets.xcassets */; };
		8D5B47971D38B18B00CDB392 /* LaunchScreen.storyboard in Resources */ = {isa = PBXBuildFile; fileRef = 8D5B47951D38B18B00CDB392 /* LaunchScreen.storyboard */; };
		8D5B47A21D38B18B00CDB392 /* CalculadoraTests.swift in Sources */ = {isa = PBXBuildFile; fileRef = 8D5B47A11D38B18B00CDB392 /* CalculadoraTests.swift */; };
		8D5B47AD1D38B18B00CDB392 /* CalculadoraUITests.swift in Sources */ = {isa = PBXBuildFile; fileRef = 8D5B47AC1D38B18B00CDB392 /* CalculadoraUITests.swift */; };
/* End PBXBuildFile section */

/* Begin PBXContainerItemProxy section */
		8D5B479E1D38B18B00CDB392 /* PBXContainerItemProxy */ = {
			isa = PBXContainerItemProxy;
			containerPortal = 8D5B47811D38B18A00CDB392 /* Project object */;
			proxyType = 1;
			remoteGlobalIDString = 8D5B47881D38B18A00CDB392;
			remoteInfo = Calculadora;
		};
		8D5B47A91D38B18B00CDB392 /* PBXContainerItemProxy */ = {
			isa = PBXContainerItemProxy;
			containerPortal = 8D5B47811D38B18A00CDB392 /* Project object */;
			proxyType = 1;
			remoteGlobalIDString = 8D5B47881D38B18A00CDB392;
			remoteInfo = Calculadora;
		};
/* End PBXContainerItemProxy section */

/* Begin PBXFileReference section */
		8D5B47891D38B18B00CDB392 /* Calculadora.app */ = {isa = PBXFileReference; explicitFileType = wrapper.application; includeInIndex = 0; path = Calculadora.app; sourceTree = BUILT_PRODUCTS_DIR; };
		8D5B478C1D38B18B00CDB392 /* AppDelegate.swift */ = {isa = PBXFileReference; lastKnownFileType = sourcecode.swift; path = AppDelegate.swift; sourceTree = "<group>"; };
		8D5B478E1D38B18B00CDB392 /* ViewController.swift */ = {isa = PBXFileReference; lastKnownFileType = sourcecode.swift; path = ViewController.swift; sourceTree = "<group>"; };
		8D5B47911D38B18B00CDB392 /* Base */ = {isa = PBXFileReference; lastKnownFileType = file.storyboard; name = Base; path = Base.lproj/Main.storyboard; sourceTree = "<group>"; };
		8D5B47931D38B18B00CDB392 /* Assets.xcassets */ = {isa = PBXFileReference; lastKnownFileType = folder.assetcatalog; path = Assets.xcassets; sourceTree = "<group>"; };
		8D5B47961D38B18B00CDB392 /* Base */ = {isa = PBXFileReference; lastKnownFileType = file.storyboard; name = Base; path = Base.lproj/LaunchScreen.storyboard; sourceTree = "<group>"; };
		8D5B47981D38B18B00CDB392 /* Info.plist */ = {isa = PBXFileReference; lastKnownFileType = text.plist.xml; path = Info.plist; sourceTree = "<group>"; };
		8D5B479D1D38B18B00CDB392 /* CalculadoraTests.xctest */ = {isa = PBXFileReference; explicitFileType = wrapper.cfbundle; includeInIndex = 0; path = CalculadoraTests.xctest; sourceTree = BUILT_PRODUCTS_DIR; };
		8D5B47A11D38B18B00CDB392 /* CalculadoraTests.swift */ = {isa = PBXFileReference; lastKnownFileType = sourcecode.swift; path = CalculadoraTests.swift; sourceTree = "<group>"; };
		8D5B47A31D38B18B00CDB392 /* Info.plist */ = {isa = PBXFileReference; lastKnownFileType = text.plist.xml; path = Info.plist; sourceTree = "<group>"; };
		8D5B47A81D38B18B00CDB392 /* CalculadoraUITests.xctest */ = {isa = PBXFileReference; explicitFileType = wrapper.cfbundle; includeInIndex = 0; path = CalculadoraUITests.xctest; sourceTree = BUILT_PRODUCTS_DIR; };
		8D5B47AC1D38B18B00CDB392 /* CalculadoraUITests.swift */ = {isa = PBXFileReference; lastKnownFileType = sourcecode.swift; path = CalculadoraUITests.swift; sourceTree = "<group>"; };
		8D5B47AE1D38B18B00CDB392 /* Info.plist */ = {isa = PBXFileReference; lastKnownFileType = text.plist.xml; path = Info.plist; sourceTree = "<group>"; };
/* End PBXFileReference section */

/* Begin PBXFrameworksBuildPhase section */
		8D5B47861D38B18A00CDB392 /* Frameworks */ = {
			isa = PBXFrameworksBuildPhase;
			buildActionMask = 2147483647;
			files = (
			);
			runOnlyForDeploymentPostprocessing = 0;
		};
		8D5B479A1D38B18B00CDB392 /* Frameworks */ = {
			isa = PBXFrameworksBuildPhase;
			buildActionMask = 2147483647;
			files = (
			);
			runOnlyForDeploymentPostprocessing = 0;
		};
		8D5B47A51D38B18B00CDB392 /* Frameworks */ = {
			isa = PBXFrameworksBuildPhase;
			buildActionMask = 2147483647;
			files = (
			);
			runOnlyForDeploymentPostprocessing = 0;
		};
/* End PBXFrameworksBuildPhase section */

/* Begin PBXGroup section */
		8D5B47801D38B18A00CDB392 = {
			isa = PBXGroup;
			children = (
				8D5B478B1D38B18B00CDB392 /* Calculadora */,
				8D5B47A01D38B18B00CDB392 /* CalculadoraTests */,
				8D5B47AB1D38B18B00CDB392 /* CalculadoraUITests */,
				8D5B478A1D38B18B00CDB392 /* Products */,
			);
			sourceTree = "<group>";
		};
		8D5B478A1D38B18B00CDB392 /* Products */ = {
			isa = PBXGroup;
			children = (
				8D5B47891D38B18B00CDB392 /* Calculadora.app */,
				8D5B479D1D38B18B00CDB392 /* CalculadoraTests.xctest */,
				8D5B47A81D38B18B00CDB392 /* CalculadoraUITests.xctest */,
			);
			name = Products;
			sourceTree = "<group>";
		};
		8D5B478B1D38B18B00CDB392 /* Calculadora */ = {
			isa = PBXGroup;
			children = (
				8D5B47BA1D391B7D00CDB392 /* Supporting Files */,
				8D5B478E1D38B18B00CDB392 /* ViewController.swift */,
				8D5B47901D38B18B00CDB392 /* Main.storyboard */,
			);
			path = Calculadora;
			sourceTree = "<group>";
		};
		8D5B47A01D38B18B00CDB392 /* CalculadoraTests */ = {
			isa = PBXGroup;
			children = (
				8D5B47A11D38B18B00CDB392 /* CalculadoraTests.swift */,
				8D5B47A31D38B18B00CDB392 /* Info.plist */,
			);
			path = CalculadoraTests;
			sourceTree = "<group>";
		};
		8D5B47AB1D38B18B00CDB392 /* CalculadoraUITests */ = {
			isa = PBXGroup;
			children = (
				8D5B47AC1D38B18B00CDB392 /* CalculadoraUITests.swift */,
				8D5B47AE1D38B18B00CDB392 /* Info.plist */,
			);
			path = CalculadoraUITests;
			sourceTree = "<group>";
		};
		8D5B47BA1D391B7D00CDB392 /* Supporting Files */ = {
			isa = PBXGroup;
			children = (
				8D5B478C1D38B18B00CDB392 /* AppDelegate.swift */,
				8D5B47931D38B18B00CDB392 /* Assets.xcassets */,
				8D5B47951D38B18B00CDB392 /* LaunchScreen.storyboard */,
				8D5B47981D38B18B00CDB392 /* Info.plist */,
			);
			name = "Supporting Files";
			sourceTree = "<group>";
		};
/* End PBXGroup section */

/* Begin PBXNativeTarget section */
		8D5B47881D38B18A00CDB392 /* Calculadora */ = {
			isa = PBXNativeTarget;
			buildConfigurationList = 8D5B47B11D38B18B00CDB392 /* Build configuration list for PBXNativeTarget "Calculadora" */;
			buildPhases = (
				8D5B47851D38B18A00CDB392 /* Sources */,
				8D5B47861D38B18A00CDB392 /* Frameworks */,
				8D5B47871D38B18A00CDB392 /* Resources */,
			);
			buildRules = (
			);
			dependencies = (
			);
			name = Calculadora;
			productName = Calculadora;
			productReference = 8D5B47891D38B18B00CDB392 /* Calculadora.app */;
			productType = "com.apple.product-type.application";
		};
		8D5B479C1D38B18B00CDB392 /* CalculadoraTests */ = {
			isa = PBXNativeTarget;
			buildConfigurationList = 8D5B47B41D38B18B00CDB392 /* Build configuration list for PBXNativeTarget "CalculadoraTests" */;
			buildPhases = (
				8D5B47991D38B18B00CDB392 /* Sources */,
				8D5B479A1D38B18B00CDB392 /* Frameworks */,
				8D5B479B1D38B18B00CDB392 /* Resources */,
			);
			buildRules = (
			);
			dependencies = (
				8D5B479F1D38B18B00CDB392 /* PBXTargetDependency */,
			);
			name = CalculadoraTests;
			productName = CalculadoraTests;
			productReference = 8D5B479D1D38B18B00CDB392 /* CalculadoraTests.xctest */;
			productType = "com.apple.product-type.bundle.unit-test";
		};
		8D5B47A71D38B18B00CDB392 /* CalculadoraUITests */ = {
			isa = PBXNativeTarget;
			buildConfigurationList = 8D5B47B71D38B18B00CDB392 /* Build configuration list for PBXNativeTarget "CalculadoraUITests" */;
			buildPhases = (
				8D5B47A41D38B18B00CDB392 /* Sources */,
				8D5B47A51D38B18B00CDB392 /* Frameworks */,
				8D5B47A61D38B18B00CDB392 /* Resources */,
			);
			buildRules = (
			);
			dependencies = (
				8D5B47AA1D38B18B00CDB392 /* PBXTargetDependency */,
			);
			name = CalculadoraUITests;
			productName = CalculadoraUITests;
			productReference = 8D5B47A81D38B18B00CDB392 /* CalculadoraUITests.xctest */;
			productType = "com.apple.product-type.bundle.ui-testing";
		};
/* End PBXNativeTarget section */

/* Begin PBXProject section */
		8D5B47811D38B18A00CDB392 /* Project object */ = {
			isa = PBXProject;
			attributes = {
				LastSwiftUpdateCheck = 0730;
				LastUpgradeCheck = 0730;
				ORGANIZATIONNAME = "Igor Lopes de Faria";
				TargetAttributes = {
					8D5B47881D38B18A00CDB392 = {
						CreatedOnToolsVersion = 7.3.1;
						DevelopmentTeam = HJE2E4T9X4;
					};
					8D5B479C1D38B18B00CDB392 = {
						CreatedOnToolsVersion = 7.3.1;
						TestTargetID = 8D5B47881D38B18A00CDB392;
					};
					8D5B47A71D38B18B00CDB392 = {
						CreatedOnToolsVersion = 7.3.1;
						TestTargetID = 8D5B47881D38B18A00CDB392;
					};
				};
			};
			buildConfigurationList = 8D5B47841D38B18A00CDB392 /* Build configuration list for PBXProject "Calculadora" */;
			compatibilityVersion = "Xcode 3.2";
			developmentRegion = English;
			hasScannedForEncodings = 0;
			knownRegions = (
				en,
				Base,
			);
			mainGroup = 8D5B47801D38B18A00CDB392;
			productRefGroup = 8D5B478A1D38B18B00CDB392 /* Products */;
			projectDirPath = "";
			projectRoot = "";
			targets = (
				8D5B47881D38B18A00CDB392 /* Calculadora */,
				8D5B479C1D38B18B00CDB392 /* CalculadoraTests */,
				8D5B47A71D38B18B00CDB392 /* CalculadoraUITests */,
			);
		};
/* End PBXProject section */

/* Begin PBXResourcesBuildPhase section */
		8D5B47871D38B18A00CDB392 /* Resources */ = {
			isa = PBXResourcesBuildPhase;
			buildActionMask = 2147483647;
			files = (
				8D5B47971D38B18B00CDB392 /* LaunchScreen.storyboard in Resources */,
				8D5B47941D38B18B00CDB392 /* Assets.xcassets in Resources */,
				8D5B47921D38B18B00CDB392 /* Main.storyboard in Resources */,
			);
			runOnlyForDeploymentPostprocessing = 0;
		};
		8D5B479B1D38B18B00CDB392 /* Resources */ = {
			isa = PBXResourcesBuildPhase;
			buildActionMask = 2147483647;
			files = (
			);
			runOnlyForDeploymentPostprocessing = 0;
		};
		8D5B47A61D38B18B00CDB392 /* Resources */ = {
			isa = PBXResourcesBuildPhase;
			buildActionMask = 2147483647;
			files = (
			);
			runOnlyForDeploymentPostprocessing = 0;
		};
/* End PBXResourcesBuildPhase section */

/* Begin PBXSourcesBuildPhase section */
		8D5B47851D38B18A00CDB392 /* Sources */ = {
			isa = PBXSourcesBuildPhase;
			buildActionMask = 2147483647;
			files = (
				8D5B478F1D38B18B00CDB392 /* ViewController.swift in Sources */,
				8D5B478D1D38B18B00CDB392 /* AppDelegate.swift in Sources */,
			);
			runOnlyForDeploymentPostprocessing = 0;
		};
		8D5B47991D38B18B00CDB392 /* Sources */ = {
			isa = PBXSourcesBuildPhase;
			buildActionMask = 2147483647;
			files = (
				8D5B47A21D38B18B00CDB392 /* CalculadoraTests.swift in Sources */,
			);
			runOnlyForDeploymentPostprocessing = 0;
		};
		8D5B47A41D38B18B00CDB392 /* Sources */ = {
			isa = PBXSourcesBuildPhase;
			buildActionMask = 2147483647;
			files = (
				8D5B47AD1D38B18B00CDB392 /* CalculadoraUITests.swift in Sources */,
			);
			runOnlyForDeploymentPostprocessing = 0;
		};
/* End PBXSourcesBuildPhase section */

/* Begin PBXTargetDependency section */
		8D5B479F1D38B18B00CDB392 /* PBXTargetDependency */ = {
			isa = PBXTargetDependency;
			target = 8D5B47881D38B18A00CDB392 /* Calculadora */;
			targetProxy = 8D5B479E1D38B18B00CDB392 /* PBXContainerItemProxy */;
		};
		8D5B47AA1D38B18B00CDB392 /* PBXTargetDependency */ = {
			isa = PBXTargetDependency;
			target = 8D5B47881D38B18A00CDB392 /* Calculadora */;
			targetProxy = 8D5B47A91D38B18B00CDB392 /* PBXContainerItemProxy */;
		};
/* End PBXTargetDependency section */

/* Begin PBXVariantGroup section */
		8D5B47901D38B18B00CDB392 /* Main.storyboard */ = {
			isa = PBXVariantGroup;
			children = (
				8D5B47911D38B18B00CDB392 /* Base */,
			);
			name = Main.storyboard;
			sourceTree = "<group>";
		};
		8D5B47951D38B18B00CDB392 /* LaunchScreen.storyboard */ = {
			isa = PBXVariantGroup;
			children = (
				8D5B47961D38B18B00CDB392 /* Base */,
			);
			name = LaunchScreen.storyboard;
			sourceTree = "<group>";
		};
/* End PBXVariantGroup section */

/* Begin XCBuildConfiguration section */
		8D5B47AF1D38B18B00CDB392 /* Debug */ = {
			isa = XCBuildConfiguration;
			buildSettings = {
				ALWAYS_SEARCH_USER_PATHS = NO;
				CLANG_ANALYZER_NONNULL = YES;
				CLANG_CXX_LANGUAGE_STANDARD = "gnu++0x";
				CLANG_CXX_LIBRARY = "libc++";
				CLANG_ENABLE_MODULES = YES;
				CLANG_ENABLE_OBJC_ARC = YES;
				CLANG_WARN_BOOL_CONVERSION = YES;
				CLANG_WARN_CONSTANT_CONVERSION = YES;
				CLANG_WARN_DIRECT_OBJC_ISA_USAGE = YES_ERROR;
				CLANG_WARN_EMPTY_BODY = YES;
				CLANG_WARN_ENUM_CONVERSION = YES;
				CLANG_WARN_INT_CONVERSION = YES;
				CLANG_WARN_OBJC_ROOT_CLASS = YES_ERROR;
				CLANG_WARN_UNREACHABLE_CODE = YES;
				CLANG_WARN__DUPLICATE_METHOD_MATCH = YES;
				"CODE_SIGN_IDENTITY[sdk=iphoneos*]" = "iPhone Developer";
				COPY_PHASE_STRIP = NO;
				DEBUG_INFORMATION_FORMAT = dwarf;
				ENABLE_STRICT_OBJC_MSGSEND = YES;
				ENABLE_TESTABILITY = YES;
				GCC_C_LANGUAGE_STANDARD = gnu99;
				GCC_DYNAMIC_NO_PIC = NO;
				GCC_NO_COMMON_BLOCKS = YES;
				GCC_OPTIMIZATION_LEVEL = 0;
				GCC_PREPROCESSOR_DEFINITIONS = (
					"DEBUG=1",
					"$(inherited)",
				);
				GCC_WARN_64_TO_32_BIT_CONVERSION = YES;
				GCC_WARN_ABOUT_RETURN_TYPE = YES_ERROR;
				GCC_WARN_UNDECLARED_SELECTOR = YES;
				GCC_WARN_UNINITIALIZED_AUTOS = YES_AGGRESSIVE;
				GCC_WARN_UNUSED_FUNCTION = YES;
				GCC_WARN_UNUSED_VARIABLE = YES;
				IPHONEOS_DEPLOYMENT_TARGET = 9.3;
				MTL_ENABLE_DEBUG_INFO = YES;
				ONLY_ACTIVE_ARCH = YES;
				SDKROOT = iphoneos;
				SWIFT_OPTIMIZATION_LEVEL = "-Onone";
				TARGETED_DEVICE_FAMILY = "1,2";
			};
			name = Debug;
		};
		8D5B47B01D38B18B00CDB392 /* Release */ = {
			isa = XCBuildConfiguration;
			buildSettings = {
				ALWAYS_SEARCH_USER_PATHS = NO;
				CLANG_ANALYZER_NONNULL = YES;
				CLANG_CXX_LANGUAGE_STANDARD = "gnu++0x";
				CLANG_CXX_LIBRARY = "libc++";
				CLANG_ENABLE_MODULES = YES;
				CLANG_ENABLE_OBJC_ARC = YES;
				CLANG_WARN_BOOL_CONVERSION = YES;
				CLANG_WARN_CONSTANT_CONVERSION = YES;
				CLANG_WARN_DIRECT_OBJC_ISA_USAGE = YES_ERROR;
				CLANG_WARN_EMPTY_BODY = YES;
				CLANG_WARN_ENUM_CONVERSION = YES;
				CLANG_WARN_INT_CONVERSION = YES;
				CLANG_WARN_OBJC_ROOT_CLASS = YES_ERROR;
				CLANG_WARN_UNREACHABLE_CODE = YES;
				CLANG_WARN__DUPLICATE_METHOD_MATCH = YES;
				"CODE_SIGN_IDENTITY[sdk=iphoneos*]" = "iPhone Developer";
				COPY_PHASE_STRIP = NO;
				DEBUG_INFORMATION_FORMAT = "dwarf-with-dsym";
				ENABLE_NS_ASSERTIONS = NO;
				ENABLE_STRICT_OBJC_MSGSEND = YES;
				GCC_C_LANGUAGE_STANDARD = gnu99;
				GCC_NO_COMMON_BLOCKS = YES;
				GCC_WARN_64_TO_32_BIT_CONVERSION = YES;
				GCC_WARN_ABOUT_RETURN_TYPE = YES_ERROR;
				GCC_WARN_UNDECLARED_SELECTOR = YES;
				GCC_WARN_UNINITIALIZED_AUTOS = YES_AGGRESSIVE;
				GCC_WARN_UNUSED_FUNCTION = YES;
				GCC_WARN_UNUSED_VARIABLE = YES;
				IPHONEOS_DEPLOYMENT_TARGET = 9.3;
				MTL_ENABLE_DEBUG_INFO = NO;
				SDKROOT = iphoneos;
				TARGETED_DEVICE_FAMILY = "1,2";
				VALIDATE_PRODUCT = YES;
			};
			name = Release;
		};
		8D5B47B21D38B18B00CDB392 /* Debug */ = {
			isa = XCBuildConfiguration;
			buildSettings = {
				ASSETCATALOG_COMPILER_APPICON_NAME = AppIcon;
				CODE_SIGN_IDENTITY = "iPhone Developer";
				"CODE_SIGN_IDENTITY[sdk=iphoneos*]" = "iPhone Developer";
				INFOPLIST_FILE = Calculadora/Info.plist;
				LD_RUNPATH_SEARCH_PATHS = "$(inherited) @executable_path/Frameworks";
				PRODUCT_BUNDLE_IDENTIFIER = br.com.exemplo.Calculadora;
				PRODUCT_NAME = "$(TARGET_NAME)";
				PROVISIONING_PROFILE = "";
			};
			name = Debug;
		};
		8D5B47B31D38B18B00CDB392 /* Release */ = {
			isa = XCBuildConfiguration;
			buildSettings = {
				ASSETCATALOG_COMPILER_APPICON_NAME = AppIcon;
				CODE_SIGN_IDENTITY = "iPhone Developer";
				"CODE_SIGN_IDENTITY[sdk=iphoneos*]" = "iPhone Developer";
				INFOPLIST_FILE = Calculadora/Info.plist;
				LD_RUNPATH_SEARCH_PATHS = "$(inherited) @executable_path/Frameworks";
				PRODUCT_BUNDLE_IDENTIFIER = br.com.exemplo.Calculadora;
				PRODUCT_NAME = "$(TARGET_NAME)";
				PROVISIONING_PROFILE = "";
			};
			name = Release;
		};
		8D5B47B51D38B18B00CDB392 /* Debug */ = {
			isa = XCBuildConfiguration;
			buildSettings = {
				BUNDLE_LOADER = "$(TEST_HOST)";
				INFOPLIST_FILE = CalculadoraTests/Info.plist;
				LD_RUNPATH_SEARCH_PATHS = "$(inherited) @executable_path/Frameworks @loader_path/Frameworks";
				PRODUCT_BUNDLE_IDENTIFIER = br.com.exemplo.CalculadoraTests;
				PRODUCT_NAME = "$(TARGET_NAME)";
				TEST_HOST = "$(BUILT_PRODUCTS_DIR)/Calculadora.app/Calculadora";
			};
			name = Debug;
		};
		8D5B47B61D38B18B00CDB392 /* Release */ = {
			isa = XCBuildConfiguration;
			buildSettings = {
				BUNDLE_LOADER = "$(TEST_HOST)";
				INFOPLIST_FILE = CalculadoraTests/Info.plist;
				LD_RUNPATH_SEARCH_PATHS = "$(inherited) @executable_path/Frameworks @loader_path/Frameworks";
				PRODUCT_BUNDLE_IDENTIFIER = br.com.exemplo.CalculadoraTests;
				PRODUCT_NAME = "$(TARGET_NAME)";
				TEST_HOST = "$(BUILT_PRODUCTS_DIR)/Calculadora.app/Calculadora";
			};
			name = Release;
		};
		8D5B47B81D38B18B00CDB392 /* Debug */ = {
			isa = XCBuildConfiguration;
			buildSettings = {
				INFOPLIST_FILE = CalculadoraUITests/Info.plist;
				LD_RUNPATH_SEARCH_PATHS = "$(inherited) @executable_path/Frameworks @loader_path/Frameworks";
				PRODUCT_BUNDLE_IDENTIFIER = br.com.exemplo.CalculadoraUITests;
				PRODUCT_NAME = "$(TARGET_NAME)";
				TEST_TARGET_NAME = Calculadora;
			};
			name = Debug;
		};
		8D5B47B91D38B18B00CDB392 /* Release */ = {
			isa = XCBuildConfiguration;
			buildSettings = {
				INFOPLIST_FILE = CalculadoraUITests/Info.plist;
				LD_RUNPATH_SEARCH_PATHS = "$(inherited) @executable_path/Frameworks @loader_path/Frameworks";
				PRODUCT_BUNDLE_IDENTIFIER = br.com.exemplo.CalculadoraUITests;
				PRODUCT_NAME = "$(TARGET_NAME)";
				TEST_TARGET_NAME = Calculadora;
			};
			name = Release;
		};
/* End XCBuildConfiguration section */

/* Begin XCConfigurationList section */
		8D5B47841D38B18A00CDB392 /* Build configuration list for PBXProject "Calculadora" */ = {
			isa = XCConfigurationList;
			buildConfigurations = (
				8D5B47AF1D38B18B00CDB392 /* Debug */,
				8D5B47B01D38B18B00CDB392 /* Release */,
			);
			defaultConfigurationIsVisible = 0;
			defaultConfigurationName = Release;
		};
		8D5B47B11D38B18B00CDB392 /* Build configuration list for PBXNativeTarget "Calculadora" */ = {
			isa = XCConfigurationList;
			buildConfigurations = (
				8D5B47B21D38B18B00CDB392 /* Debug */,
				8D5B47B31D38B18B00CDB392 /* Release */,
			);
			defaultConfigurationIsVisible = 0;
		};
		8D5B47B41D38B18B00CDB392 /* Build configuration list for PBXNativeTarget "CalculadoraTests" */ = {
			isa = XCConfigurationList;
			buildConfigurations = (
				8D5B47B51D38B18B00CDB392 /* Debug */,
				8D5B47B61D38B18B00CDB392 /* Release */,
			);
			defaultConfigurationIsVisible = 0;
		};
		8D5B47B71D38B18B00CDB392 /* Build configuration list for PBXNativeTarget "CalculadoraUITests" */ = {
			isa = XCConfigurationList;
			buildConfigurations = (
				8D5B47B81D38B18B00CDB392 /* Debug */,
				8D5B47B91D38B18B00CDB392 /* Release */,
			);
			defaultConfigurationIsVisible = 0;
		};
/* End XCConfigurationList section */
	};
	rootObject = 8D5B47811D38B18A00CDB392 /* Project object */;
}
